
Microsoft Visual Studio Solution File, Format Version 12.00
# Visual Studio 15
VisualStudioVersion = 15.0.28307.271
MinimumVisualStudioVersion = 10.0.40219.1
Project("{FAE04EC0-301F-11D3-BF4B-00C04F79EFBC}") = "TestConsoleApp", "TestConsoleApp\TestConsoleApp.csproj", "{EB5DBE20-7BA1-41FC-AE1E-A0E51F0D3235}"
EndProject
Global
	GlobalSection(SolutionConfigurationPlatforms) = preSolution
		Debug|Any CPU = Debug|Any CPU
		Release|Any CPU = Release|Any CPU
	EndGlobalSection
	GlobalSection(ProjectConfigurationPlatforms) = postSolution
		{EB5DBE20-7BA1-41FC-AE1E-A0E51F0D3235}.Debug|Any CPU.ActiveCfg = Debug|Any CPU
		{EB5DBE20-7BA1-41FC-AE1E-A0E51F0D3235}.Debug|Any CPU.Build.0 = Debug|Any CPU
		{EB5DBE20-7BA1-41FC-AE1E-A0E51F0D3235}.Release|Any CPU.ActiveCfg = Release|Any CPU
		{EB5DBE20-7BA1-41FC-AE1E-A0E51F0D3235}.Release|Any CPU.Build.0 = Release|Any CPU
	EndGlobalSection
	GlobalSection(SolutionProperties) = preSolution
		HideSolutionNode = FALSE
	EndGlobalSection
	GlobalSection(ExtensibilityGlobals) = postSolution
		SolutionGuid = {16893C01-C781-4E57-B7CA-7B1D8B44512C}
	EndGlobalSection
EndGlobal
